
Microsoft Visual Studio Solution File, Format Version 12.00
# Visual Studio Version 17
VisualStudioVersion = 17.14.36518.9 d17.14
MinimumVisualStudioVersion = 10.0.40219.1
Project("{FAE04EC0-301F-11D3-BF4B-00C04F79EFBC}") = "PizzaProject", "PizzaProject.csproj", "{A65894D8-A71E-4F7B-B1A6-E443264049A7}"
EndProject
Global
	GlobalSection(SolutionConfigurationPlatforms) = preSolution
		Debug|Any CPU = Debug|Any CPU
		Release|Any CPU = Release|Any CPU
	EndGlobalSection
	GlobalSection(ProjectConfigurationPlatforms) = postSolution
		{A65894D8-A71E-4F7B-B1A6-E443264049A7}.Debug|Any CPU.ActiveCfg = Debug|Any CPU
		{A65894D8-A71E-4F7B-B1A6-E443264049A7}.Debug|Any CPU.Build.0 = Debug|Any CPU
		{A65894D8-A71E-4F7B-B1A6-E443264049A7}.Release|Any CPU.ActiveCfg = Release|Any CPU
		{A65894D8-A71E-4F7B-B1A6-E443264049A7}.Release|Any CPU.Build.0 = Release|Any CPU
	EndGlobalSection
	GlobalSection(SolutionProperties) = preSolution
		HideSolutionNode = FALSE
	EndGlobalSection
	GlobalSection(ExtensibilityGlobals) = postSolution
		SolutionGuid = {5FDCF554-3E17-4D3F-932F-8A5A68C2F93C}
	EndGlobalSection
EndGlobal
